DEPENDENCIES
  cyc_api
    path: ../chef/cookbooks/cyc_api
  cyc_builder
    path: ../chef/cookbooks/cyc_builder
  cyc_lxc
    path: ../chef/cookbooks/cyc_lxc
  cyc_mist
    path: ../chef/cookbooks/cyc_mist
  cyc_nginx
    path: ../chef/cookbooks/cyc_nginx
  vagrant_mysql
    path: fixtures/cookbooks/vagrant_mysql

GRAPH
  apt (3.0.0)
  build-essential (3.2.0)
    seven_zip (>= 0.0.0)
  chef-vault (1.3.3)
  chef_handler (1.3.0)
  cyc_api (0.2.2)
    apt (~> 3.0)
    chef-vault (~> 1.3.3)
    cyc_builder (>= 0.0.0)
    cyc_mist (>= 0.0.0)
    cyc_nginx (>= 0.0.0)
    runit (~> 1.7.6)
  cyc_builder (0.2.2)
    chef-vault (~> 1.3.3)
    cyc_lxc (>= 0.0.0)
    cyc_mist (>= 0.0.0)
  cyc_lxc (0.1.0)
    lxc (>= 0.0.0)
  cyc_mist (0.1.0)
    apt (~> 3.0)
  cyc_nginx (0.1.0)
    nginx (>= 0.0.0)
  dpkg_autostart (0.2.0)
  iptables-ng (2.2.11)
  lxc (2.0.0)
    dpkg_autostart (>= 0.1.10)
    iptables-ng (>= 0.0.0)
    polipo (>= 0.0.0)
  mysql (7.0.0)
    smf (>= 0.0.0)
    yum-mysql-community (>= 0.0.0)
  nginx (1.8.0)
    apt (>= 0.0.0)
    build-essential (>= 0.0.0)
    ohai (>= 1.1.4)
    runit (>= 0.0.0)
    yum (>= 0.0.0)
  ohai (3.0.1)
  packagecloud (0.2.0)
  polipo (0.1.0)
  rbac (1.0.3)
  runit (1.7.6)
    packagecloud (>= 0.0.0)
  seven_zip (2.0.0)
    windows (>= 1.2.2)
  smf (2.2.8)
    rbac (>= 1.0.1)
  vagrant_mysql (0.1.0)
    mysql (~> 7.0.0)
  windows (1.39.2)
    chef_handler (>= 0.0.0)
  yum (3.10.0)
  yum-mysql-community (0.2.0)
    yum (>= 3.2)
